
Microsoft Visual Studio Solution File, Format Version 12.00
# Visual Studio Version 16
VisualStudioVersion = 16.0.31911.196
MinimumVisualStudioVersion = 10.0.40219.1
Project("{FAE04EC0-301F-11D3-BF4B-00C04F79EFBC}") = "Exercise12", "Exercise12.csproj", "{7BF00310-BFF9-483C-91F2-2CC43149876C}"
EndProject
Global
	GlobalSection(SolutionConfigurationPlatforms) = preSolution
		Debug|Any CPU = Debug|Any CPU
		Release|Any CPU = Release|Any CPU
	EndGlobalSection
	GlobalSection(ProjectConfigurationPlatforms) = postSolution
		{7BF00310-BFF9-483C-91F2-2CC43149876C}.Debug|Any CPU.ActiveCfg = Debug|Any CPU
		{7BF00310-BFF9-483C-91F2-2CC43149876C}.Debug|Any CPU.Build.0 = Debug|Any CPU
		{7BF00310-BFF9-483C-91F2-2CC43149876C}.Release|Any CPU.ActiveCfg = Release|Any CPU
		{7BF00310-BFF9-483C-91F2-2CC43149876C}.Release|Any CPU.Build.0 = Release|Any CPU
	EndGlobalSection
	GlobalSection(SolutionProperties) = preSolution
		HideSolutionNode = FALSE
	EndGlobalSection
	GlobalSection(ExtensibilityGlobals) = postSolution
		SolutionGuid = {65555DAD-4AD5-4731-BE1B-1AE9FB1C1D9A}
	EndGlobalSection
EndGlobal
